
Microsoft Visual Studio Solution File, Format Version 12.00
# Visual Studio Version 17
VisualStudioVersion = 17.12.35514.174
MinimumVisualStudioVersion = 10.0.40219.1
Project("{FAE04EC0-301F-11D3-BF4B-00C04F79EFBC}") = "RCi.PlainTextTable", "RCi.PlainTextTable\RCi.PlainTextTable.csproj", "{9CDAA8B1-C241-4E52-A7A3-990FA5041B35}"
EndProject
Project("{FAE04EC0-301F-11D3-BF4B-00C04F79EFBC}") = "RCi.PlainTextTable.Tests", "RCi.PlainTextTable.Tests\RCi.PlainTextTable.Tests.csproj", "{322F904C-B8E7-45E1-9FBD-6A9A0C2FAE16}"
EndProject
Global
	GlobalSection(SolutionConfigurationPlatforms) = preSolution
		Debug|Any CPU = Debug|Any CPU
		Release|Any CPU = Release|Any CPU
	EndGlobalSection
	GlobalSection(ProjectConfigurationPlatforms) = postSolution
		{9CDAA8B1-C241-4E52-A7A3-990FA5041B35}.Debug|Any CPU.ActiveCfg = Debug|Any CPU
		{9CDAA8B1-C241-4E52-A7A3-990FA5041B35}.Debug|Any CPU.Build.0 = Debug|Any CPU
		{9CDAA8B1-C241-4E52-A7A3-990FA5041B35}.Release|Any CPU.ActiveCfg = Release|Any CPU
		{9CDAA8B1-C241-4E52-A7A3-990FA5041B35}.Release|Any CPU.Build.0 = Release|Any CPU
		{322F904C-B8E7-45E1-9FBD-6A9A0C2FAE16}.Debug|Any CPU.ActiveCfg = Debug|Any CPU
		{322F904C-B8E7-45E1-9FBD-6A9A0C2FAE16}.Debug|Any CPU.Build.0 = Debug|Any CPU
		{322F904C-B8E7-45E1-9FBD-6A9A0C2FAE16}.Release|Any CPU.ActiveCfg = Release|Any CPU
		{322F904C-B8E7-45E1-9FBD-6A9A0C2FAE16}.Release|Any CPU.Build.0 = Release|Any CPU
	EndGlobalSection
	GlobalSection(SolutionProperties) = preSolution
		HideSolutionNode = FALSE
	EndGlobalSection
EndGlobal
